
Microsoft Visual Studio Solution File, Format Version 12.00
# Visual Studio 15
VisualStudioVersion = 15.0.28307.489
MinimumVisualStudioVersion = 10.0.40219.1
Project("{FAE04EC0-301F-11D3-BF4B-00C04F79EFBC}") = "SocketStart", "SocketStart\SocketStart.csproj", "{A1FFE306-8EA9-44C9-ADC3-4286CD144D26}"
EndProject
Project("{FAE04EC0-301F-11D3-BF4B-00C04F79EFBC}") = "XMBOXING.BLL", "XMBOXING.BLL\XMBOXING.BLL.csproj", "{D16CBC27-024C-43F7-B280-D6385B47077C}"
EndProject
Project("{FAE04EC0-301F-11D3-BF4B-00C04F79EFBC}") = "XMBOXING.DAL", "XMBOXING.DAL\XMBOXING.DAL.csproj", "{8A8FE7E6-9E5A-477B-B24C-C120B84E810B}"
EndProject
Project("{FAE04EC0-301F-11D3-BF4B-00C04F79EFBC}") = "XMBOXING.IDAL", "XMBOXING.IDAL\XMBOXING.IDAL.csproj", "{7F1423C9-A7FD-4CD1-B58B-A5D11C04C17E}"
EndProject
Project("{FAE04EC0-301F-11D3-BF4B-00C04F79EFBC}") = "XMBOXING.DATA", "XMBOXING.DATA\XMBOXING.DATA.csproj", "{AC6CE0E2-DC47-4F31-8BAB-BBAE0242E9D5}"
EndProject
Project("{FAE04EC0-301F-11D3-BF4B-00C04F79EFBC}") = "XMBOXING.MODEL", "XMBOXING.MODEL\XMBOXING.MODEL.csproj", "{BA1BEC85-731F-4EF5-BDE7-69BA1A6C1657}"
EndProject
Project("{FAE04EC0-301F-11D3-BF4B-00C04F79EFBC}") = "XMBOXING.Comm", "XMBOXING.Comm\XMBOXING.Comm.csproj", "{6B270080-74B7-4E40-A067-6301E1370CEC}"
EndProject
Project("{FAE04EC0-301F-11D3-BF4B-00C04F79EFBC}") = "XMBOXING.Backstage", "XMBOXING.Backstage\XMBOXING.Backstage.csproj", "{9977B3CB-794C-46A4-928F-4363D1C3E31A}"
EndProject
Global
	GlobalSection(SolutionConfigurationPlatforms) = preSolution
		Debug|Any CPU = Debug|Any CPU
		Release|Any CPU = Release|Any CPU
	EndGlobalSection
	GlobalSection(ProjectConfigurationPlatforms) = postSolution
		{A1FFE306-8EA9-44C9-ADC3-4286CD144D26}.Debug|Any CPU.ActiveCfg = Debug|Any CPU
		{A1FFE306-8EA9-44C9-ADC3-4286CD144D26}.Debug|Any CPU.Build.0 = Debug|Any CPU
		{A1FFE306-8EA9-44C9-ADC3-4286CD144D26}.Release|Any CPU.ActiveCfg = Release|Any CPU
		{A1FFE306-8EA9-44C9-ADC3-4286CD144D26}.Release|Any CPU.Build.0 = Release|Any CPU
		{D16CBC27-024C-43F7-B280-D6385B47077C}.Debug|Any CPU.ActiveCfg = Debug|Any CPU
		{D16CBC27-024C-43F7-B280-D6385B47077C}.Debug|Any CPU.Build.0 = Debug|Any CPU
		{D16CBC27-024C-43F7-B280-D6385B47077C}.Release|Any CPU.ActiveCfg = Release|Any CPU
		{D16CBC27-024C-43F7-B280-D6385B47077C}.Release|Any CPU.Build.0 = Release|Any CPU
		{8A8FE7E6-9E5A-477B-B24C-C120B84E810B}.Debug|Any CPU.ActiveCfg = Debug|Any CPU
		{8A8FE7E6-9E5A-477B-B24C-C120B84E810B}.Debug|Any CPU.Build.0 = Debug|Any CPU
		{8A8FE7E6-9E5A-477B-B24C-C120B84E810B}.Release|Any CPU.ActiveCfg = Release|Any CPU
		{8A8FE7E6-9E5A-477B-B24C-C120B84E810B}.Release|Any CPU.Build.0 = Release|Any CPU
		{7F1423C9-A7FD-4CD1-B58B-A5D11C04C17E}.Debug|Any CPU.ActiveCfg = Debug|Any CPU
		{7F1423C9-A7FD-4CD1-B58B-A5D11C04C17E}.Debug|Any CPU.Build.0 = Debug|Any CPU
		{7F1423C9-A7FD-4CD1-B58B-A5D11C04C17E}.Release|Any CPU.ActiveCfg = Release|Any CPU
		{7F1423C9-A7FD-4CD1-B58B-A5D11C04C17E}.Release|Any CPU.Build.0 = Release|Any CPU
		{AC6CE0E2-DC47-4F31-8BAB-BBAE0242E9D5}.Debug|Any CPU.ActiveCfg = Debug|Any CPU
		{AC6CE0E2-DC47-4F31-8BAB-BBAE0242E9D5}.Debug|Any CPU.Build.0 = Debug|Any CPU
		{AC6CE0E2-DC47-4F31-8BAB-BBAE0242E9D5}.Release|Any CPU.ActiveCfg = Release|Any CPU
		{AC6CE0E2-DC47-4F31-8BAB-BBAE0242E9D5}.Release|Any CPU.Build.0 = Release|Any CPU
		{BA1BEC85-731F-4EF5-BDE7-69BA1A6C1657}.Debug|Any CPU.ActiveCfg = Debug|Any CPU
		{BA1BEC85-731F-4EF5-BDE7-69BA1A6C1657}.Debug|Any CPU.Build.0 = Debug|Any CPU
		{BA1BEC85-731F-4EF5-BDE7-69BA1A6C1657}.Release|Any CPU.ActiveCfg = Release|Any CPU
		{BA1BEC85-731F-4EF5-BDE7-69BA1A6C1657}.Release|Any CPU.Build.0 = Release|Any CPU
		{6B270080-74B7-4E40-A067-6301E1370CEC}.Debug|Any CPU.ActiveCfg = Debug|Any CPU
		{6B270080-74B7-4E40-A067-6301E1370CEC}.Debug|Any CPU.Build.0 = Debug|Any CPU
		{6B270080-74B7-4E40-A067-6301E1370CEC}.Release|Any CPU.ActiveCfg = Release|Any CPU
		{6B270080-74B7-4E40-A067-6301E1370CEC}.Release|Any CPU.Build.0 = Release|Any CPU
		{9977B3CB-794C-46A4-928F-4363D1C3E31A}.Debug|Any CPU.ActiveCfg = Debug|Any CPU
		{9977B3CB-794C-46A4-928F-4363D1C3E31A}.Debug|Any CPU.Build.0 = Debug|Any CPU
		{9977B3CB-794C-46A4-928F-4363D1C3E31A}.Release|Any CPU.ActiveCfg = Release|Any CPU
		{9977B3CB-794C-46A4-928F-4363D1C3E31A}.Release|Any CPU.Build.0 = Release|Any CPU
	EndGlobalSection
	GlobalSection(SolutionProperties) = preSolution
		HideSolutionNode = FALSE
	EndGlobalSection
	GlobalSection(ExtensibilityGlobals) = postSolution
		SolutionGuid = {0FBA0A05-7AF1-444A-89D7-538C85DE33F7}
	EndGlobalSection
EndGlobal
